
Microsoft Visual Studio Solution File, Format Version 12.00
# Visual Studio Version 17
VisualStudioVersion = 17.14.36327.8
MinimumVisualStudioVersion = 10.0.40219.1
Project("{FAE04EC0-301F-11D3-BF4B-00C04F79EFBC}") = "LibStreamResampler", "LibStreamResampler\LibStreamResampler.csproj", "{C50B3527-0DB8-B972-1217-3CCF6E84F802}"
EndProject
Project("{FAE04EC0-301F-11D3-BF4B-00C04F79EFBC}") = "ResamplerTestApp", "ResamplerTestApp\ResamplerTestApp.csproj", "{FDE35915-9510-D370-540D-E1578F32B2FD}"
	ProjectSection(ProjectDependencies) = postProject
		{C50B3527-0DB8-B972-1217-3CCF6E84F802} = {C50B3527-0DB8-B972-1217-3CCF6E84F802}
	EndProjectSection
EndProject
Global
	GlobalSection(SolutionConfigurationPlatforms) = preSolution
		Debug|Any CPU = Debug|Any CPU
		Release|Any CPU = Release|Any CPU
	EndGlobalSection
	GlobalSection(ProjectConfigurationPlatforms) = postSolution
		{C50B3527-0DB8-B972-1217-3CCF6E84F802}.Debug|Any CPU.ActiveCfg = Debug|Any CPU
		{C50B3527-0DB8-B972-1217-3CCF6E84F802}.Debug|Any CPU.Build.0 = Debug|Any CPU
		{C50B3527-0DB8-B972-1217-3CCF6E84F802}.Release|Any CPU.ActiveCfg = Release|Any CPU
		{C50B3527-0DB8-B972-1217-3CCF6E84F802}.Release|Any CPU.Build.0 = Release|Any CPU
		{FDE35915-9510-D370-540D-E1578F32B2FD}.Debug|Any CPU.ActiveCfg = Debug|Any CPU
		{FDE35915-9510-D370-540D-E1578F32B2FD}.Debug|Any CPU.Build.0 = Debug|Any CPU
		{FDE35915-9510-D370-540D-E1578F32B2FD}.Release|Any CPU.ActiveCfg = Release|Any CPU
		{FDE35915-9510-D370-540D-E1578F32B2FD}.Release|Any CPU.Build.0 = Release|Any CPU
	EndGlobalSection
	GlobalSection(SolutionProperties) = preSolution
		HideSolutionNode = FALSE
	EndGlobalSection
	GlobalSection(ExtensibilityGlobals) = postSolution
		SolutionGuid = {F10F1A9A-C2CE-482E-A931-587CC3D92D38}
	EndGlobalSection
EndGlobal
